
Microsoft Visual Studio Solution File, Format Version 12.00
# Visual Studio 14
VisualStudioVersion = 14.0.25420.1
MinimumVisualStudioVersion = 10.0.40219.1
Project("{FAE04EC0-301F-11D3-BF4B-00C04F79EFBC}") = "PW.Desktop", "PW.Desktop\PW.Desktop.csproj", "{4D633A68-F7FC-4E85-998C-C96EA0A93A28}"
EndProject
Project("{2150E333-8FDC-42A3-9474-1A3956D46DE8}") = "Common", "Common", "{344BB3B9-1136-45AD-BF53-BA380DC69EEE}"
EndProject
Project("{2150E333-8FDC-42A3-9474-1A3956D46DE8}") = "Modules", "Modules", "{8DDD8593-3DE3-43D2-A297-1ACA128211CA}"
EndProject
Project("{FAE04EC0-301F-11D3-BF4B-00C04F79EFBC}") = "PW.Infrastructure", "Common\PW.Infrastructure\PW.Infrastructure.csproj", "{171D7BC9-44A7-452A-ACAF-DD8ED4EDAC98}"
EndProject
Project("{FAE04EC0-301F-11D3-BF4B-00C04F79EFBC}") = "PW.Common", "Common\PW.Common\PW.Common.csproj", "{782C8728-74FC-455C-A159-F37EE2ED76B1}"
EndProject
Project("{FAE04EC0-301F-11D3-BF4B-00C04F79EFBC}") = "PW.Controls", "Common\PW.Controls\PW.Controls.csproj", "{126959E4-AAD5-41A0-8245-907582364C59}"
EndProject
Project("{FAE04EC0-301F-11D3-BF4B-00C04F79EFBC}") = "PW.Aside", "Common\PW.Aside\PW.Aside.csproj", "{11863C74-D723-465A-B0AC-53AA5614BF9E}"
EndProject
Project("{FAE04EC0-301F-11D3-BF4B-00C04F79EFBC}") = "PW.Footer", "Common\PW.Footer\PW.Footer.csproj", "{41A0C926-56E7-40EC-A9C3-BF166444E839}"
EndProject
Project("{FAE04EC0-301F-11D3-BF4B-00C04F79EFBC}") = "PW.LogIn", "Common\PW.LogIn\PW.LogIn.csproj", "{A289D8C5-FC5C-4A0B-8246-EE0B7F868770}"
EndProject
Project("{FAE04EC0-301F-11D3-BF4B-00C04F79EFBC}") = "PW.SystemHeader", "Common\PW.SystemHeader\PW.SystemHeader.csproj", "{C07BF606-235B-4E90-A294-4C30CCF46607}"
EndProject
Project("{FAE04EC0-301F-11D3-BF4B-00C04F79EFBC}") = "PW.Map", "Modules\PW.Map\PW.Map.csproj", "{237FD070-8683-4F5B-B6B9-53D3216BF109}"
EndProject
Project("{FAE04EC0-301F-11D3-BF4B-00C04F79EFBC}") = "PW.SystemSet", "Modules\PW.SystemSet\PW.SystemSet.csproj", "{DD3C466A-BB9C-45A4-AD21-DE642DD954B6}"
EndProject
Project("{FAE04EC0-301F-11D3-BF4B-00C04F79EFBC}") = "PW.Service", "PW.Service\PW.Service.csproj", "{4942460D-5884-49A7-8758-6AAC94B5335F}"
EndProject
Project("{FAE04EC0-301F-11D3-BF4B-00C04F79EFBC}") = "PW.ServiceCenter", "Common\PW.SericeCore\PW.ServiceCenter.csproj", "{30E99E0E-E214-40B0-8764-A4AC56822DDB}"
	ProjectSection(ProjectDependencies) = postProject
		{4942460D-5884-49A7-8758-6AAC94B5335F} = {4942460D-5884-49A7-8758-6AAC94B5335F}
	EndProjectSection
EndProject
Project("{FAE04EC0-301F-11D3-BF4B-00C04F79EFBC}") = "PW.SecurityWcf.Core", "PW.SecurityWcf.Core\PW.SecurityWcf.Core.csproj", "{C7AFF95B-48B4-4A15-B267-444CDA28C668}"
EndProject
Project("{FAE04EC0-301F-11D3-BF4B-00C04F79EFBC}") = "PW.SocketServer", "PW.SocketServer\PW.SocketServer.csproj", "{2922B078-AD5D-4C32-A3D3-5E5CD85CCB9A}"
EndProject
Project("{FAE04EC0-301F-11D3-BF4B-00C04F79EFBC}") = "PW.Chat", "Common\PW.Chat\PW.Chat.csproj", "{7CD9BE07-7723-4A74-94CE-1B11699820AB}"
EndProject
Project("{FAE04EC0-301F-11D3-BF4B-00C04F79EFBC}") = "PW.Tools", "Modules\PW.Tools\PW.Tools.csproj", "{AF0E91AB-0968-4FC6-AF26-27D06AACA9CD}"
EndProject
Project("{FAE04EC0-301F-11D3-BF4B-00C04F79EFBC}") = "PW.DBCommon", "PW.DBModel\PW.DBCommon.csproj", "{3C0B6EC2-949C-496B-9C87-5418DEF74A5C}"
EndProject
Project("{FAE04EC0-301F-11D3-BF4B-00C04F79EFBC}") = "PW.Test", "PW.Test\PW.Test.csproj", "{464DB92B-2750-4125-BCDE-F1D7DBFFAA58}"
EndProject
Global
	GlobalSection(SolutionConfigurationPlatforms) = preSolution
		Debug|Any CPU = Debug|Any CPU
		Release|Any CPU = Release|Any CPU
	EndGlobalSection
	GlobalSection(ProjectConfigurationPlatforms) = postSolution
		{4D633A68-F7FC-4E85-998C-C96EA0A93A28}.Debug|Any CPU.ActiveCfg = Debug|Any CPU
		{4D633A68-F7FC-4E85-998C-C96EA0A93A28}.Debug|Any CPU.Build.0 = Debug|Any CPU
		{4D633A68-F7FC-4E85-998C-C96EA0A93A28}.Release|Any CPU.ActiveCfg = Release|Any CPU
		{4D633A68-F7FC-4E85-998C-C96EA0A93A28}.Release|Any CPU.Build.0 = Release|Any CPU
		{171D7BC9-44A7-452A-ACAF-DD8ED4EDAC98}.Debug|Any CPU.ActiveCfg = Debug|Any CPU
		{171D7BC9-44A7-452A-ACAF-DD8ED4EDAC98}.Debug|Any CPU.Build.0 = Debug|Any CPU
		{171D7BC9-44A7-452A-ACAF-DD8ED4EDAC98}.Release|Any CPU.ActiveCfg = Release|Any CPU
		{171D7BC9-44A7-452A-ACAF-DD8ED4EDAC98}.Release|Any CPU.Build.0 = Release|Any CPU
		{782C8728-74FC-455C-A159-F37EE2ED76B1}.Debug|Any CPU.ActiveCfg = Debug|Any CPU
		{782C8728-74FC-455C-A159-F37EE2ED76B1}.Debug|Any CPU.Build.0 = Debug|Any CPU
		{782C8728-74FC-455C-A159-F37EE2ED76B1}.Release|Any CPU.ActiveCfg = Release|Any CPU
		{782C8728-74FC-455C-A159-F37EE2ED76B1}.Release|Any CPU.Build.0 = Release|Any CPU
		{126959E4-AAD5-41A0-8245-907582364C59}.Debug|Any CPU.ActiveCfg = Debug|Any CPU
		{126959E4-AAD5-41A0-8245-907582364C59}.Debug|Any CPU.Build.0 = Debug|Any CPU
		{126959E4-AAD5-41A0-8245-907582364C59}.Release|Any CPU.ActiveCfg = Release|Any CPU
		{126959E4-AAD5-41A0-8245-907582364C59}.Release|Any CPU.Build.0 = Release|Any CPU
		{11863C74-D723-465A-B0AC-53AA5614BF9E}.Debug|Any CPU.ActiveCfg = Debug|Any CPU
		{11863C74-D723-465A-B0AC-53AA5614BF9E}.Debug|Any CPU.Build.0 = Debug|Any CPU
		{11863C74-D723-465A-B0AC-53AA5614BF9E}.Release|Any CPU.ActiveCfg = Release|Any CPU
		{11863C74-D723-465A-B0AC-53AA5614BF9E}.Release|Any CPU.Build.0 = Release|Any CPU
		{41A0C926-56E7-40EC-A9C3-BF166444E839}.Debug|Any CPU.ActiveCfg = Debug|Any CPU
		{41A0C926-56E7-40EC-A9C3-BF166444E839}.Debug|Any CPU.Build.0 = Debug|Any CPU
		{41A0C926-56E7-40EC-A9C3-BF166444E839}.Release|Any CPU.ActiveCfg = Release|Any CPU
		{41A0C926-56E7-40EC-A9C3-BF166444E839}.Release|Any CPU.Build.0 = Release|Any CPU
		{A289D8C5-FC5C-4A0B-8246-EE0B7F868770}.Debug|Any CPU.ActiveCfg = Debug|Any CPU
		{A289D8C5-FC5C-4A0B-8246-EE0B7F868770}.Debug|Any CPU.Build.0 = Debug|Any CPU
		{A289D8C5-FC5C-4A0B-8246-EE0B7F868770}.Release|Any CPU.ActiveCfg = Release|Any CPU
		{A289D8C5-FC5C-4A0B-8246-EE0B7F868770}.Release|Any CPU.Build.0 = Release|Any CPU
		{C07BF606-235B-4E90-A294-4C30CCF46607}.Debug|Any CPU.ActiveCfg = Debug|Any CPU
		{C07BF606-235B-4E90-A294-4C30CCF46607}.Debug|Any CPU.Build.0 = Debug|Any CPU
		{C07BF606-235B-4E90-A294-4C30CCF46607}.Release|Any CPU.ActiveCfg = Release|Any CPU
		{C07BF606-235B-4E90-A294-4C30CCF46607}.Release|Any CPU.Build.0 = Release|Any CPU
		{237FD070-8683-4F5B-B6B9-53D3216BF109}.Debug|Any CPU.ActiveCfg = Debug|Any CPU
		{237FD070-8683-4F5B-B6B9-53D3216BF109}.Debug|Any CPU.Build.0 = Debug|Any CPU
		{237FD070-8683-4F5B-B6B9-53D3216BF109}.Release|Any CPU.ActiveCfg = Release|Any CPU
		{237FD070-8683-4F5B-B6B9-53D3216BF109}.Release|Any CPU.Build.0 = Release|Any CPU
		{DD3C466A-BB9C-45A4-AD21-DE642DD954B6}.Debug|Any CPU.ActiveCfg = Debug|Any CPU
		{DD3C466A-BB9C-45A4-AD21-DE642DD954B6}.Debug|Any CPU.Build.0 = Debug|Any CPU
		{DD3C466A-BB9C-45A4-AD21-DE642DD954B6}.Release|Any CPU.ActiveCfg = Release|Any CPU
		{DD3C466A-BB9C-45A4-AD21-DE642DD954B6}.Release|Any CPU.Build.0 = Release|Any CPU
		{4942460D-5884-49A7-8758-6AAC94B5335F}.Debug|Any CPU.ActiveCfg = Debug|Any CPU
		{4942460D-5884-49A7-8758-6AAC94B5335F}.Debug|Any CPU.Build.0 = Debug|Any CPU
		{4942460D-5884-49A7-8758-6AAC94B5335F}.Release|Any CPU.ActiveCfg = Release|Any CPU
		{4942460D-5884-49A7-8758-6AAC94B5335F}.Release|Any CPU.Build.0 = Release|Any CPU
		{30E99E0E-E214-40B0-8764-A4AC56822DDB}.Debug|Any CPU.ActiveCfg = Debug|Any CPU
		{30E99E0E-E214-40B0-8764-A4AC56822DDB}.Debug|Any CPU.Build.0 = Debug|Any CPU
		{30E99E0E-E214-40B0-8764-A4AC56822DDB}.Release|Any CPU.ActiveCfg = Release|Any CPU
		{30E99E0E-E214-40B0-8764-A4AC56822DDB}.Release|Any CPU.Build.0 = Release|Any CPU
		{C7AFF95B-48B4-4A15-B267-444CDA28C668}.Debug|Any CPU.ActiveCfg = Debug|Any CPU
		{C7AFF95B-48B4-4A15-B267-444CDA28C668}.Debug|Any CPU.Build.0 = Debug|Any CPU
		{C7AFF95B-48B4-4A15-B267-444CDA28C668}.Release|Any CPU.ActiveCfg = Release|Any CPU
		{C7AFF95B-48B4-4A15-B267-444CDA28C668}.Release|Any CPU.Build.0 = Release|Any CPU
		{2922B078-AD5D-4C32-A3D3-5E5CD85CCB9A}.Debug|Any CPU.ActiveCfg = Debug|Any CPU
		{2922B078-AD5D-4C32-A3D3-5E5CD85CCB9A}.Debug|Any CPU.Build.0 = Debug|Any CPU
		{2922B078-AD5D-4C32-A3D3-5E5CD85CCB9A}.Release|Any CPU.ActiveCfg = Release|Any CPU
		{2922B078-AD5D-4C32-A3D3-5E5CD85CCB9A}.Release|Any CPU.Build.0 = Release|Any CPU
		{7CD9BE07-7723-4A74-94CE-1B11699820AB}.Debug|Any CPU.ActiveCfg = Debug|Any CPU
		{7CD9BE07-7723-4A74-94CE-1B11699820AB}.Debug|Any CPU.Build.0 = Debug|Any CPU
		{7CD9BE07-7723-4A74-94CE-1B11699820AB}.Release|Any CPU.ActiveCfg = Release|Any CPU
		{7CD9BE07-7723-4A74-94CE-1B11699820AB}.Release|Any CPU.Build.0 = Release|Any CPU
		{AF0E91AB-0968-4FC6-AF26-27D06AACA9CD}.Debug|Any CPU.ActiveCfg = Debug|Any CPU
		{AF0E91AB-0968-4FC6-AF26-27D06AACA9CD}.Debug|Any CPU.Build.0 = Debug|Any CPU
		{AF0E91AB-0968-4FC6-AF26-27D06AACA9CD}.Release|Any CPU.ActiveCfg = Release|Any CPU
		{AF0E91AB-0968-4FC6-AF26-27D06AACA9CD}.Release|Any CPU.Build.0 = Release|Any CPU
		{3C0B6EC2-949C-496B-9C87-5418DEF74A5C}.Debug|Any CPU.ActiveCfg = Debug|Any CPU
		{3C0B6EC2-949C-496B-9C87-5418DEF74A5C}.Debug|Any CPU.Build.0 = Debug|Any CPU
		{3C0B6EC2-949C-496B-9C87-5418DEF74A5C}.Release|Any CPU.ActiveCfg = Release|Any CPU
		{3C0B6EC2-949C-496B-9C87-5418DEF74A5C}.Release|Any CPU.Build.0 = Release|Any CPU
		{464DB92B-2750-4125-BCDE-F1D7DBFFAA58}.Debug|Any CPU.ActiveCfg = Debug|Any CPU
		{464DB92B-2750-4125-BCDE-F1D7DBFFAA58}.Debug|Any CPU.Build.0 = Debug|Any CPU
		{464DB92B-2750-4125-BCDE-F1D7DBFFAA58}.Release|Any CPU.ActiveCfg = Release|Any CPU
		{464DB92B-2750-4125-BCDE-F1D7DBFFAA58}.Release|Any CPU.Build.0 = Release|Any CPU
	EndGlobalSection
	GlobalSection(SolutionProperties) = preSolution
		HideSolutionNode = FALSE
	EndGlobalSection
	GlobalSection(NestedProjects) = preSolution
		{171D7BC9-44A7-452A-ACAF-DD8ED4EDAC98} = {344BB3B9-1136-45AD-BF53-BA380DC69EEE}
		{782C8728-74FC-455C-A159-F37EE2ED76B1} = {344BB3B9-1136-45AD-BF53-BA380DC69EEE}
		{126959E4-AAD5-41A0-8245-907582364C59} = {344BB3B9-1136-45AD-BF53-BA380DC69EEE}
		{11863C74-D723-465A-B0AC-53AA5614BF9E} = {344BB3B9-1136-45AD-BF53-BA380DC69EEE}
		{41A0C926-56E7-40EC-A9C3-BF166444E839} = {344BB3B9-1136-45AD-BF53-BA380DC69EEE}
		{A289D8C5-FC5C-4A0B-8246-EE0B7F868770} = {344BB3B9-1136-45AD-BF53-BA380DC69EEE}
		{C07BF606-235B-4E90-A294-4C30CCF46607} = {344BB3B9-1136-45AD-BF53-BA380DC69EEE}
		{237FD070-8683-4F5B-B6B9-53D3216BF109} = {8DDD8593-3DE3-43D2-A297-1ACA128211CA}
		{DD3C466A-BB9C-45A4-AD21-DE642DD954B6} = {8DDD8593-3DE3-43D2-A297-1ACA128211CA}
		{30E99E0E-E214-40B0-8764-A4AC56822DDB} = {344BB3B9-1136-45AD-BF53-BA380DC69EEE}
		{7CD9BE07-7723-4A74-94CE-1B11699820AB} = {344BB3B9-1136-45AD-BF53-BA380DC69EEE}
		{AF0E91AB-0968-4FC6-AF26-27D06AACA9CD} = {8DDD8593-3DE3-43D2-A297-1ACA128211CA}
	EndGlobalSection
EndGlobal
